
Microsoft Visual Studio Solution File, Format Version 12.00
# Visual Studio Version 17
VisualStudioVersion = 17.4.33213.308
MinimumVisualStudioVersion = 10.0.40219.1
Project("{FAE04EC0-301F-11D3-BF4B-00C04F79EFBC}") = "Login Uygulaması", "Login Uygulaması\Login Uygulaması.csproj", "{A9FB4225-0212-4DF8-A5D3-5C7D8B29279C}"
EndProject
Global
	GlobalSection(SolutionConfigurationPlatforms) = preSolution
		Debug|Any CPU = Debug|Any CPU
		Release|Any CPU = Release|Any CPU
	EndGlobalSection
	GlobalSection(ProjectConfigurationPlatforms) = postSolution
		{A9FB4225-0212-4DF8-A5D3-5C7D8B29279C}.Debug|Any CPU.ActiveCfg = Debug|Any CPU
		{A9FB4225-0212-4DF8-A5D3-5C7D8B29279C}.Debug|Any CPU.Build.0 = Debug|Any CPU
		{A9FB4225-0212-4DF8-A5D3-5C7D8B29279C}.Release|Any CPU.ActiveCfg = Release|Any CPU
		{A9FB4225-0212-4DF8-A5D3-5C7D8B29279C}.Release|Any CPU.Build.0 = Release|Any CPU
	EndGlobalSection
	GlobalSection(SolutionProperties) = preSolution
		HideSolutionNode = FALSE
	EndGlobalSection
	GlobalSection(ExtensibilityGlobals) = postSolution
		SolutionGuid = {AA8E7F26-92A6-4552-A163-70FE42E39030}
	EndGlobalSection
EndGlobal
