
Microsoft Visual Studio Solution File, Format Version 12.00
# Visual Studio Version 17
VisualStudioVersion = 17.4.33213.308
MinimumVisualStudioVersion = 10.0.40219.1
Project("{FAE04EC0-301F-11D3-BF4B-00C04F79EFBC}") = "ProgressBarDosyaYönetimiAracı", "ProgressBarDosyaYönetimiAracı\ProgressBarDosyaYönetimiAracı.csproj", "{13000D5E-63E1-45A8-97D9-3BFE986466B3}"
EndProject
Global
	GlobalSection(SolutionConfigurationPlatforms) = preSolution
		Debug|Any CPU = Debug|Any CPU
		Release|Any CPU = Release|Any CPU
	EndGlobalSection
	GlobalSection(ProjectConfigurationPlatforms) = postSolution
		{13000D5E-63E1-45A8-97D9-3BFE986466B3}.Debug|Any CPU.ActiveCfg = Debug|Any CPU
		{13000D5E-63E1-45A8-97D9-3BFE986466B3}.Debug|Any CPU.Build.0 = Debug|Any CPU
		{13000D5E-63E1-45A8-97D9-3BFE986466B3}.Release|Any CPU.ActiveCfg = Release|Any CPU
		{13000D5E-63E1-45A8-97D9-3BFE986466B3}.Release|Any CPU.Build.0 = Release|Any CPU
	EndGlobalSection
	GlobalSection(SolutionProperties) = preSolution
		HideSolutionNode = FALSE
	EndGlobalSection
	GlobalSection(ExtensibilityGlobals) = postSolution
		SolutionGuid = {EE9F1E75-7C48-4CD4-907C-CCC7157D7CFC}
	EndGlobalSection
EndGlobal
