
Microsoft Visual Studio Solution File, Format Version 12.00
# Visual Studio Version 17
VisualStudioVersion = 17.5.33424.131
MinimumVisualStudioVersion = 10.0.40219.1
Project("{FAE04EC0-301F-11D3-BF4B-00C04F79EFBC}") = "YakıtV2C", "YakıtV2C\YakıtV2C.csproj", "{D47DDB08-2C4F-4A4A-B84A-2D713A7F23EB}"
EndProject
Global
	GlobalSection(SolutionConfigurationPlatforms) = preSolution
		Debug|Any CPU = Debug|Any CPU
		Release|Any CPU = Release|Any CPU
	EndGlobalSection
	GlobalSection(ProjectConfigurationPlatforms) = postSolution
		{D47DDB08-2C4F-4A4A-B84A-2D713A7F23EB}.Debug|Any CPU.ActiveCfg = Debug|Any CPU
		{D47DDB08-2C4F-4A4A-B84A-2D713A7F23EB}.Debug|Any CPU.Build.0 = Debug|Any CPU
		{D47DDB08-2C4F-4A4A-B84A-2D713A7F23EB}.Release|Any CPU.ActiveCfg = Release|Any CPU
		{D47DDB08-2C4F-4A4A-B84A-2D713A7F23EB}.Release|Any CPU.Build.0 = Release|Any CPU
	EndGlobalSection
	GlobalSection(SolutionProperties) = preSolution
		HideSolutionNode = FALSE
	EndGlobalSection
	GlobalSection(ExtensibilityGlobals) = postSolution
		SolutionGuid = {4544AC93-654F-47AF-9801-685454FE6334}
	EndGlobalSection
EndGlobal
