
Microsoft Visual Studio Solution File, Format Version 12.00
# Visual Studio Version 17
VisualStudioVersion = 17.4.33213.308
MinimumVisualStudioVersion = 10.0.40219.1
Project("{FAE04EC0-301F-11D3-BF4B-00C04F79EFBC}") = "ListBoxForDöngüsü", "ListBoxForDöngüsü\ListBoxForDöngüsü.csproj", "{B7F1514D-EA12-40AF-BBB1-1D00A5A0A9CF}"
EndProject
Global
	GlobalSection(SolutionConfigurationPlatforms) = preSolution
		Debug|Any CPU = Debug|Any CPU
		Release|Any CPU = Release|Any CPU
	EndGlobalSection
	GlobalSection(ProjectConfigurationPlatforms) = postSolution
		{B7F1514D-EA12-40AF-BBB1-1D00A5A0A9CF}.Debug|Any CPU.ActiveCfg = Debug|Any CPU
		{B7F1514D-EA12-40AF-BBB1-1D00A5A0A9CF}.Debug|Any CPU.Build.0 = Debug|Any CPU
		{B7F1514D-EA12-40AF-BBB1-1D00A5A0A9CF}.Release|Any CPU.ActiveCfg = Release|Any CPU
		{B7F1514D-EA12-40AF-BBB1-1D00A5A0A9CF}.Release|Any CPU.Build.0 = Release|Any CPU
	EndGlobalSection
	GlobalSection(SolutionProperties) = preSolution
		HideSolutionNode = FALSE
	EndGlobalSection
	GlobalSection(ExtensibilityGlobals) = postSolution
		SolutionGuid = {AF0ECF04-EA12-42FB-AED8-E673ADAD53E2}
	EndGlobalSection
EndGlobal
